
Microsoft Visual Studio Solution File, Format Version 12.00
# Visual Studio 15
VisualStudioVersion = 15.0.28307.329
MinimumVisualStudioVersion = 10.0.40219.1
Project("{FAE04EC0-301F-11D3-BF4B-00C04F79EFBC}") = "LaboratoryWork3", "LaboratoryWork3\LaboratoryWork3.csproj", "{DAC5C4CA-EBF3-42E9-81D9-BB5D5925C42B}"
EndProject
Global
	GlobalSection(SolutionConfigurationPlatforms) = preSolution
		Debug|Any CPU = Debug|Any CPU
		Release|Any CPU = Release|Any CPU
	EndGlobalSection
	GlobalSection(ProjectConfigurationPlatforms) = postSolution
		{DAC5C4CA-EBF3-42E9-81D9-BB5D5925C42B}.Debug|Any CPU.ActiveCfg = Debug|Any CPU
		{DAC5C4CA-EBF3-42E9-81D9-BB5D5925C42B}.Debug|Any CPU.Build.0 = Debug|Any CPU
		{DAC5C4CA-EBF3-42E9-81D9-BB5D5925C42B}.Release|Any CPU.ActiveCfg = Release|Any CPU
		{DAC5C4CA-EBF3-42E9-81D9-BB5D5925C42B}.Release|Any CPU.Build.0 = Release|Any CPU
	EndGlobalSection
	GlobalSection(SolutionProperties) = preSolution
		HideSolutionNode = FALSE
	EndGlobalSection
	GlobalSection(ExtensibilityGlobals) = postSolution
		SolutionGuid = {6B6506B3-7611-4F5D-BCDB-737017330CCD}
	EndGlobalSection
EndGlobal
